
Microsoft Visual Studio Solution File, Format Version 12.00
# Visual Studio Version 16
VisualStudioVersion = 16.0.32002.261
MinimumVisualStudioVersion = 10.0.40219.1
Project("{FAE04EC0-301F-11D3-BF4B-00C04F79EFBC}") = "Mes", "Mes.csproj", "{6EE5FE82-F4B2-4229-8C0A-342EE3CFE716}"
EndProject
Global
	GlobalSection(SolutionConfigurationPlatforms) = preSolution
		Debug|Any CPU = Debug|Any CPU
		Release|Any CPU = Release|Any CPU
	EndGlobalSection
	GlobalSection(ProjectConfigurationPlatforms) = postSolution
		{6EE5FE82-F4B2-4229-8C0A-342EE3CFE716}.Debug|Any CPU.ActiveCfg = Debug|Any CPU
		{6EE5FE82-F4B2-4229-8C0A-342EE3CFE716}.Debug|Any CPU.Build.0 = Debug|Any CPU
		{6EE5FE82-F4B2-4229-8C0A-342EE3CFE716}.Release|Any CPU.ActiveCfg = Release|Any CPU
		{6EE5FE82-F4B2-4229-8C0A-342EE3CFE716}.Release|Any CPU.Build.0 = Release|Any CPU
	EndGlobalSection
	GlobalSection(SolutionProperties) = preSolution
		HideSolutionNode = FALSE
	EndGlobalSection
	GlobalSection(ExtensibilityGlobals) = postSolution
		SolutionGuid = {F930F567-EBDD-42BC-B029-66EAC3808180}
	EndGlobalSection
EndGlobal
